// !$*UTF8*$!
{
	archiveVersion = 1;
	classes = {
	};
	objectVersion = 46;
	objects = {

/* Begin PBXBuildFile section */
		3A16E4C2201F894300EA7A20 /* ContactIconView.swift in Sources */ = {isa = PBXBuildFile; fileRef = 3A16E4C1201F894300EA7A20 /* ContactIconView.swift */; };
		3A16E4C4201F896900EA7A20 /* ContactIconView.xib in Resources */ = {isa = PBXBuildFile; fileRef = 3A16E4C3201F896900EA7A20 /* ContactIconView.xib */; };
		3A16E4C6201F8E3700EA7A20 /* NibView.swift in Sources */ = {isa = PBXBuildFile; fileRef = 3A16E4C5201F8E3700EA7A20 /* NibView.swift */; };
		3A1F2B531FFFCFBF00520625 /* UITextField+UPenn.swift in Sources */ = {isa = PBXBuildFile; fileRef = 3A1F2B521FFFCFBF00520625 /* UITextField+UPenn.swift */; };
		3A1F2B551FFFD06500520625 /* UIFont+UPenn.swift in Sources */ = {isa = PBXBuildFile; fileRef = 3A1F2B541FFFD06500520625 /* UIFont+UPenn.swift */; };
		3A2052631FDAFAB30004CBDC /* AutoLogoutCell.swift in Sources */ = {isa = PBXBuildFile; fileRef = 3A2052621FDAFAB30004CBDC /* AutoLogoutCell.swift */; };
		3A22321D203F6336008388FC /* KeyboardService.swift in Sources */ = {isa = PBXBuildFile; fileRef = 3A22321C203F6336008388FC /* KeyboardService.swift */; };
		3A2534EF1FD09E3F0015F9D9 /* ContactService.swift in Sources */ = {isa = PBXBuildFile; fileRef = 3A2534EE1FD09E3F0015F9D9 /* ContactService.swift */; };
		3A26C1DF1F97CDAD005C88C9 /* ValidationService.swift in Sources */ = {isa = PBXBuildFile; fileRef = 3A26C1DE1F97CDAD005C88C9 /* ValidationService.swift */; };
		3A26C1E11F97D372005C88C9 /* KeychainPasswordItem.swift in Sources */ = {isa = PBXBuildFile; fileRef = 3A26C1E01F97D372005C88C9 /* KeychainPasswordItem.swift */; };
		3A26C1E31F97D3BD005C88C9 /* KeyChainConfiguration.swift in Sources */ = {isa = PBXBuildFile; fileRef = 3A26C1E21F97D3BD005C88C9 /* KeyChainConfiguration.swift */; };
		3A2749C720A9DC7F00A46402 /* ConfigurationsService.swift in Sources */ = {isa = PBXBuildFile; fileRef = 3A2749C620A9DC7F00A46402 /* ConfigurationsService.swift */; };
		3A2BDF931F991E0A0018E13A /* UIColor+UPenn.swift in Sources */ = {isa = PBXBuildFile; fileRef = 3A2BDF921F991E0A0018E13A /* UIColor+UPenn.swift */; };
		3A2BDF951F9920A60018E13A /* UIButton+UPenn.swift in Sources */ = {isa = PBXBuildFile; fileRef = 3A2BDF941F9920A60018E13A /* UIButton+UPenn.swift */; };
		3A2BDF971F993AE00018E13A /* LoginTextField.swift in Sources */ = {isa = PBXBuildFile; fileRef = 3A2BDF961F993AE00018E13A /* LoginTextField.swift */; };
		3A317CC71F9F7DDE00786C95 /* MessagingService.swift in Sources */ = {isa = PBXBuildFile; fileRef = 3A317CC61F9F7DDE00786C95 /* MessagingService.swift */; };
		3A317CC91F9F98DD00786C95 /* FavoritesViewController.swift in Sources */ = {isa = PBXBuildFile; fileRef = 3A317CC81F9F98DD00786C95 /* FavoritesViewController.swift */; };
		3A317CCB1F9F9FFD00786C95 /* UIViewController+UPenn.swift in Sources */ = {isa = PBXBuildFile; fileRef = 3A317CCA1F9F9FFD00786C95 /* UIViewController+UPenn.swift */; };
		3A317CD51F9FD2E800786C95 /* FavoriteContact.xcdatamodeld in Sources */ = {isa = PBXBuildFile; fileRef = 3A317CD31F9FD2E800786C95 /* FavoriteContact.xcdatamodeld */; };
		3A317CD71F9FD32700786C95 /* FavoriteContact+CoredDataProperties.swift in Sources */ = {isa = PBXBuildFile; fileRef = 3A317CD61F9FD32700786C95 /* FavoriteContact+CoredDataProperties.swift */; };
		3A317CD91F9FD35F00786C95 /* FavoriteContact+CoreDataClass.swift in Sources */ = {isa = PBXBuildFile; fileRef = 3A317CD81F9FD35F00786C95 /* FavoriteContact+CoreDataClass.swift */; };
		3A317CDB1FA0C91F00786C95 /* FavoritesContactViewCell.swift in Sources */ = {isa = PBXBuildFile; fileRef = 3A317CDA1FA0C91F00786C95 /* FavoritesContactViewCell.swift */; };
		3A317CDD1FA2676800786C95 /* EmailService.swift in Sources */ = {isa = PBXBuildFile; fileRef = 3A317CDC1FA2676800786C95 /* EmailService.swift */; };
		3A322CB121AF2F370034FBB2 /* DeviceService.swift in Sources */ = {isa = PBXBuildFile; fileRef = 3A322CB021AF2F370034FBB2 /* DeviceService.swift */; };
		3A339A0E1FBE24C9005AA593 /* AccountTableViewController.swift in Sources */ = {isa = PBXBuildFile; fileRef = 3A339A0D1FBE24C9005AA593 /* AccountTableViewController.swift */; };
		3A419F3E2012647700E91645 /* FavoritesGroupTitleView.swift in Sources */ = {isa = PBXBuildFile; fileRef = 3A419F3D2012647700E91645 /* FavoritesGroupTitleView.swift */; };
		3A419F402012651100E91645 /* UIView+UPenn.swift in Sources */ = {isa = PBXBuildFile; fileRef = 3A419F3F2012651100E91645 /* UIView+UPenn.swift */; };
		3A419F432012683100E91645 /* FavoritesGroupTitleView.xib in Resources */ = {isa = PBXBuildFile; fileRef = 3A419F422012683100E91645 /* FavoritesGroupTitleView.xib */; };
		3A419F452016467500E91645 /* ContactGroupViewController.swift in Sources */ = {isa = PBXBuildFile; fileRef = 3A419F442016467400E91645 /* ContactGroupViewController.swift */; };
		3A4C18781FE1AF0200486116 /* BiometricsAuthService.swift in Sources */ = {isa = PBXBuildFile; fileRef = 3A4C18771FE1AF0200486116 /* BiometricsAuthService.swift */; };
		3A5DCD441FF4237400EF470B /* BiometricsEnableCell.swift in Sources */ = {isa = PBXBuildFile; fileRef = 3A5DCD431FF4237400EF470B /* BiometricsEnableCell.swift */; };
		3A6891272017AD2B005C91EC /* ScreenGlobals.swift in Sources */ = {isa = PBXBuildFile; fileRef = 3A6891262017AD2B005C91EC /* ScreenGlobals.swift */; };
		3A689129201A4737005C91EC /* String+UPenn.swift in Sources */ = {isa = PBXBuildFile; fileRef = 3A689128201A4736005C91EC /* String+UPenn.swift */; };
		3A70DBCC1FE17548006556D6 /* AddressBookService.swift in Sources */ = {isa = PBXBuildFile; fileRef = 3A70DBCB1FE17548006556D6 /* AddressBookService.swift */; };
		3A7FAE3D1FA78F42009765F8 /* UILabel+UPenn.swift in Sources */ = {isa = PBXBuildFile; fileRef = 3A7FAE3C1FA78F42009765F8 /* UILabel+UPenn.swift */; };
		3A7FAE3F1FA8C30F009765F8 /* FavoritesGroupsListViewController.swift in Sources */ = {isa = PBXBuildFile; fileRef = 3A7FAE3E1FA8C30F009765F8 /* FavoritesGroupsListViewController.swift */; };
		3A813A7620C861320036BD1D /* RootViewController.swift in Sources */ = {isa = PBXBuildFile; fileRef = 3A813A7520C861320036BD1D /* RootViewController.swift */; };
		3A8D0F812006699B008E004A /* UISearchBar+UPenn.swift in Sources */ = {isa = PBXBuildFile; fileRef = 3A8D0F802006699B008E004A /* UISearchBar+UPenn.swift */; };
		3AC9C5CE20A3990B007CD1C4 /* AnalyticsService.swift in Sources */ = {isa = PBXBuildFile; fileRef = 3AC9C5CD20A3990B007CD1C4 /* AnalyticsService.swift */; };
		3ACFC7D71FBE2CB500D472FB /* AccountSettingsCell.swift in Sources */ = {isa = PBXBuildFile; fileRef = 3ACFC7D61FBE2CB500D472FB /* AccountSettingsCell.swift */; };
		3ACFC7D91FC367FC00D472FB /* TimerUIApplication.swift in Sources */ = {isa = PBXBuildFile; fileRef = 3ACFC7D81FC367FC00D472FB /* TimerUIApplication.swift */; };
		3ACFC7DB1FC3692B00D472FB /* main.swift in Sources */ = {isa = PBXBuildFile; fileRef = 3ACFC7DA1FC3692B00D472FB /* main.swift */; };
		3AED35AD20052A4D00C8BB88 /* LogoutCell.swift in Sources */ = {isa = PBXBuildFile; fileRef = 3AED35AC20052A4D00C8BB88 /* LogoutCell.swift */; };
		4C5AE2161F918D2500E271FD /* ContactsListViewController.swift in Sources */ = {isa = PBXBuildFile; fileRef = 4C5AE2151F918D2400E271FD /* ContactsListViewController.swift */; };
		4C5AE2181F918D4200E271FD /* ContactDetailsViewController.swift in Sources */ = {isa = PBXBuildFile; fileRef = 4C5AE2171F918D4200E271FD /* ContactDetailsViewController.swift */; };
		4C5AE21A1F91CE7C00E271FD /* ContactViewCell.swift in Sources */ = {isa = PBXBuildFile; fileRef = 4C5AE2191F91CE7C00E271FD /* ContactViewCell.swift */; };
		4C5AE21C1F944C8500E271FD /* AutheticationService.swift in Sources */ = {isa = PBXBuildFile; fileRef = 4C5AE21B1F944C8500E271FD /* AutheticationService.swift */; };
		4C5AE21E1F944CC200E271FD /* NetworkRequestService.swift in Sources */ = {isa = PBXBuildFile; fileRef = 4C5AE21D1F944CC200E271FD /* NetworkRequestService.swift */; };
		4C5AE2201F945B9400E271FD /* LoginService.swift in Sources */ = {isa = PBXBuildFile; fileRef = 4C5AE21F1F945B9400E271FD /* LoginService.swift */; };
		4C5AE2221F9502AC00E271FD /* ContactsSearchService.swift in Sources */ = {isa = PBXBuildFile; fileRef = 4C5AE2211F9502AC00E271FD /* ContactsSearchService.swift */; };
		740982A8D65EF221D1AC67A9 /* Pods_Phone_Book.framework in Frameworks */ = {isa = PBXBuildFile; fileRef = 4C921CA1089986D1CFBA3E4D /* Pods_Phone_Book.framework */; };
		841B89AF1F910E7700CFB3C1 /* Contact.swift in Sources */ = {isa = PBXBuildFile; fileRef = 841B89AE1F910E7700CFB3C1 /* Contact.swift */; };
		841B89B21F910FB500CFB3C1 /* FavoritesService.swift in Sources */ = {isa = PBXBuildFile; fileRef = 841B89B11F910FB500CFB3C1 /* FavoritesService.swift */; };
		84FFD8BB1F8EC36300B28184 /* AppDelegate.swift in Sources */ = {isa = PBXBuildFile; fileRef = 84FFD8BA1F8EC36300B28184 /* AppDelegate.swift */; };
		84FFD8BD1F8EC36300B28184 /* LoginViewController.swift in Sources */ = {isa = PBXBuildFile; fileRef = 84FFD8BC1F8EC36300B28184 /* LoginViewController.swift */; };
		84FFD8C01F8EC36300B28184 /* Main.storyboard in Resources */ = {isa = PBXBuildFile; fileRef = 84FFD8BE1F8EC36300B28184 /* Main.storyboard */; };
		84FFD8C21F8EC36300B28184 /* Assets.xcassets in Resources */ = {isa = PBXBuildFile; fileRef = 84FFD8C11F8EC36300B28184 /* Assets.xcassets */; };
		84FFD8C51F8EC36300B28184 /* LaunchScreen.storyboard in Resources */ = {isa = PBXBuildFile; fileRef = 84FFD8C31F8EC36300B28184 /* LaunchScreen.storyboard */; };
		84FFD8D01F8EC36300B28184 /* Phone_BookTests.swift in Sources */ = {isa = PBXBuildFile; fileRef = 84FFD8CF1F8EC36300B28184 /* Phone_BookTests.swift */; };
		84FFD8DB1F8EC36300B28184 /* Phone_BookUITests.swift in Sources */ = {isa = PBXBuildFile; fileRef = 84FFD8DA1F8EC36300B28184 /* Phone_BookUITests.swift */; };
		D61CE503106A23395772429B /* Pods_Phone_BookUITests.framework in Frameworks */ = {isa = PBXBuildFile; fileRef = 726AC258E0E17FBD5CAC14BD /* Pods_Phone_BookUITests.framework */; };
		F87644CBB4682107FE33728B /* Pods_Phone_BookTests.framework in Frameworks */ = {isa = PBXBuildFile; fileRef = 494755E5935655C3132B0EAB /* Pods_Phone_BookTests.framework */; };
/* End PBXBuildFile section */

/* Begin PBXContainerItemProxy section */
		84FFD8CC1F8EC36300B28184 /* PBXContainerItemProxy */ = {
			isa = PBXContainerItemProxy;
			containerPortal = 84FFD8AF1F8EC36300B28184 /* Project object */;
			proxyType = 1;
			remoteGlobalIDString = 84FFD8B61F8EC36300B28184;
			remoteInfo = "Phone Book";
		};
		84FFD8D71F8EC36300B28184 /* PBXContainerItemProxy */ = {
			isa = PBXContainerItemProxy;
			containerPortal = 84FFD8AF1F8EC36300B28184 /* Project object */;
			proxyType = 1;
			remoteGlobalIDString = 84FFD8B61F8EC36300B28184;
			remoteInfo = "Phone Book";
		};
/* End PBXContainerItemProxy section */

/* Begin PBXFileReference section */
		1E816519D24726D1F49D3D6B /* Pods-Phone BookTests.debug.xcconfig */ = {isa = PBXFileReference; includeInIndex = 1; lastKnownFileType = text.xcconfig; name = "Pods-Phone BookTests.debug.xcconfig"; path = "Pods/Target Support Files/Pods-Phone BookTests/Pods-Phone BookTests.debug.xcconfig"; sourceTree = "<group>"; };
		261E2B60929BD1D5295DDDC6 /* Pods-Phone BookTests.release.xcconfig */ = {isa = PBXFileReference; includeInIndex = 1; lastKnownFileType = text.xcconfig; name = "Pods-Phone BookTests.release.xcconfig"; path = "Pods/Target Support Files/Pods-Phone BookTests/Pods-Phone BookTests.release.xcconfig"; sourceTree = "<group>"; };
		3054959A2E40D0BD87EB4720 /* Pods-Phone BookUITests.beta.xcconfig */ = {isa = PBXFileReference; includeInIndex = 1; lastKnownFileType = text.xcconfig; name = "Pods-Phone BookUITests.beta.xcconfig"; path = "Pods/Target Support Files/Pods-Phone BookUITests/Pods-Phone BookUITests.beta.xcconfig"; sourceTree = "<group>"; };
		3A16E4C1201F894300EA7A20 /* ContactIconView.swift */ = {isa = PBXFileReference; lastKnownFileType = sourcecode.swift; path = ContactIconView.swift; sourceTree = "<group>"; };
		3A16E4C3201F896900EA7A20 /* ContactIconView.xib */ = {isa = PBXFileReference; lastKnownFileType = file.xib; path = ContactIconView.xib; sourceTree = "<group>"; };
		3A16E4C5201F8E3700EA7A20 /* NibView.swift */ = {isa = PBXFileReference; lastKnownFileType = sourcecode.swift; path = NibView.swift; sourceTree = "<group>"; };
		3A1F2B521FFFCFBF00520625 /* UITextField+UPenn.swift */ = {isa = PBXFileReference; lastKnownFileType = sourcecode.swift; path = "UITextField+UPenn.swift"; sourceTree = "<group>"; };
		3A1F2B541FFFD06500520625 /* UIFont+UPenn.swift */ = {isa = PBXFileReference; lastKnownFileType = sourcecode.swift; path = "UIFont+UPenn.swift"; sourceTree = "<group>"; };
		3A2052621FDAFAB30004CBDC /* AutoLogoutCell.swift */ = {isa = PBXFileReference; lastKnownFileType = sourcecode.swift; path = AutoLogoutCell.swift; sourceTree = "<group>"; };
		3A22321C203F6336008388FC /* KeyboardService.swift */ = {isa = PBXFileReference; lastKnownFileType = sourcecode.swift; path = KeyboardService.swift; sourceTree = "<group>"; };
		3A2534EE1FD09E3F0015F9D9 /* ContactService.swift */ = {isa = PBXFileReference; lastKnownFileType = sourcecode.swift; path = ContactService.swift; sourceTree = "<group>"; };
		3A26C1DE1F97CDAD005C88C9 /* ValidationService.swift */ = {isa = PBXFileReference; lastKnownFileType = sourcecode.swift; path = ValidationService.swift; sourceTree = "<group>"; };
		3A26C1E01F97D372005C88C9 /* KeychainPasswordItem.swift */ = {isa = PBXFileReference; lastKnownFileType = sourcecode.swift; path = KeychainPasswordItem.swift; sourceTree = "<group>"; };
		3A26C1E21F97D3BD005C88C9 /* KeyChainConfiguration.swift */ = {isa = PBXFileReference; lastKnownFileType = sourcecode.swift; path = KeyChainConfiguration.swift; sourceTree = "<group>"; };
		3A2749C620A9DC7F00A46402 /* ConfigurationsService.swift */ = {isa = PBXFileReference; lastKnownFileType = sourcecode.swift; path = ConfigurationsService.swift; sourceTree = "<group>"; };
		3A2BDF921F991E0A0018E13A /* UIColor+UPenn.swift */ = {isa = PBXFileReference; lastKnownFileType = sourcecode.swift; path = "UIColor+UPenn.swift"; sourceTree = "<group>"; };
		3A2BDF941F9920A60018E13A /* UIButton+UPenn.swift */ = {isa = PBXFileReference; lastKnownFileType = sourcecode.swift; path = "UIButton+UPenn.swift"; sourceTree = "<group>"; };
		3A2BDF961F993AE00018E13A /* LoginTextField.swift */ = {isa = PBXFileReference; lastKnownFileType = sourcecode.swift; path = LoginTextField.swift; sourceTree = "<group>"; };
		3A317CC61F9F7DDE00786C95 /* MessagingService.swift */ = {isa = PBXFileReference; lastKnownFileType = sourcecode.swift; path = MessagingService.swift; sourceTree = "<group>"; };
		3A317CC81F9F98DD00786C95 /* FavoritesViewController.swift */ = {isa = PBXFileReference; lastKnownFileType = sourcecode.swift; path = FavoritesViewController.swift; sourceTree = "<group>"; };
		3A317CCA1F9F9FFD00786C95 /* UIViewController+UPenn.swift */ = {isa = PBXFileReference; lastKnownFileType = sourcecode.swift; path = "UIViewController+UPenn.swift"; sourceTree = "<group>"; };
		3A317CD41F9FD2E800786C95 /* FavoriteContact.xcdatamodel */ = {isa = PBXFileReference; lastKnownFileType = wrapper.xcdatamodel; path = FavoriteContact.xcdatamodel; sourceTree = "<group>"; };
		3A317CD61F9FD32700786C95 /* FavoriteContact+CoredDataProperties.swift */ = {isa = PBXFileReference; lastKnownFileType = sourcecode.swift; path = "FavoriteContact+CoredDataProperties.swift"; sourceTree = "<group>"; };
		3A317CD81F9FD35F00786C95 /* FavoriteContact+CoreDataClass.swift */ = {isa = PBXFileReference; lastKnownFileType = sourcecode.swift; path = "FavoriteContact+CoreDataClass.swift"; sourceTree = "<group>"; };
		3A317CDA1FA0C91F00786C95 /* FavoritesContactViewCell.swift */ = {isa = PBXFileReference; lastKnownFileType = sourcecode.swift; path = FavoritesContactViewCell.swift; sourceTree = "<group>"; };
		3A317CDC1FA2676800786C95 /* EmailService.swift */ = {isa = PBXFileReference; lastKnownFileType = sourcecode.swift; path = EmailService.swift; sourceTree = "<group>"; };
		3A322CB021AF2F370034FBB2 /* DeviceService.swift */ = {isa = PBXFileReference; lastKnownFileType = sourcecode.swift; path = DeviceService.swift; sourceTree = "<group>"; };
		3A339A0D1FBE24C9005AA593 /* AccountTableViewController.swift */ = {isa = PBXFileReference; lastKnownFileType = sourcecode.swift; path = AccountTableViewController.swift; sourceTree = "<group>"; };
		3A419F3D2012647700E91645 /* FavoritesGroupTitleView.swift */ = {isa = PBXFileReference; lastKnownFileType = sourcecode.swift; path = FavoritesGroupTitleView.swift; sourceTree = "<group>"; };
		3A419F3F2012651100E91645 /* UIView+UPenn.swift */ = {isa = PBXFileReference; lastKnownFileType = sourcecode.swift; path = "UIView+UPenn.swift"; sourceTree = "<group>"; };
		3A419F422012683100E91645 /* FavoritesGroupTitleView.xib */ = {isa = PBXFileReference; lastKnownFileType = file.xib; path = FavoritesGroupTitleView.xib; sourceTree = "<group>"; };
		3A419F442016467400E91645 /* ContactGroupViewController.swift */ = {isa = PBXFileReference; lastKnownFileType = sourcecode.swift; path = ContactGroupViewController.swift; sourceTree = "<group>"; };
		3A4C18771FE1AF0200486116 /* BiometricsAuthService.swift */ = {isa = PBXFileReference; lastKnownFileType = sourcecode.swift; path = BiometricsAuthService.swift; sourceTree = "<group>"; };
		3A5DCD431FF4237400EF470B /* BiometricsEnableCell.swift */ = {isa = PBXFileReference; lastKnownFileType = sourcecode.swift; path = BiometricsEnableCell.swift; sourceTree = "<group>"; };
		3A6891262017AD2B005C91EC /* ScreenGlobals.swift */ = {isa = PBXFileReference; lastKnownFileType = sourcecode.swift; path = ScreenGlobals.swift; sourceTree = "<group>"; };
		3A689128201A4736005C91EC /* String+UPenn.swift */ = {isa = PBXFileReference; lastKnownFileType = sourcecode.swift; path = "String+UPenn.swift"; sourceTree = "<group>"; };
		3A70DBCB1FE17548006556D6 /* AddressBookService.swift */ = {isa = PBXFileReference; lastKnownFileType = sourcecode.swift; path = AddressBookService.swift; sourceTree = "<group>"; };
		3A7C5B1D20C05FE40051A0B9 /* GoogleService-Info.plist */ = {isa = PBXFileReference; lastKnownFileType = text.plist.xml; path = "GoogleService-Info.plist"; sourceTree = "<group>"; };
		3A7C5B2320C065700051A0B9 /* GoogleService-Info.plist */ = {isa = PBXFileReference; lastKnownFileType = text.plist.xml; path = "GoogleService-Info.plist"; sourceTree = "<group>"; };
		3A7FAE3C1FA78F42009765F8 /* UILabel+UPenn.swift */ = {isa = PBXFileReference; lastKnownFileType = sourcecode.swift; path = "UILabel+UPenn.swift"; sourceTree = "<group>"; };
		3A7FAE3E1FA8C30F009765F8 /* FavoritesGroupsListViewController.swift */ = {isa = PBXFileReference; lastKnownFileType = sourcecode.swift; path = FavoritesGroupsListViewController.swift; sourceTree = "<group>"; };
		3A813A7520C861320036BD1D /* RootViewController.swift */ = {isa = PBXFileReference; lastKnownFileType = sourcecode.swift; path = RootViewController.swift; sourceTree = "<group>"; };
		3A8D0F802006699B008E004A /* UISearchBar+UPenn.swift */ = {isa = PBXFileReference; lastKnownFileType = sourcecode.swift; path = "UISearchBar+UPenn.swift"; sourceTree = "<group>"; };
		3AC9C5CD20A3990B007CD1C4 /* AnalyticsService.swift */ = {isa = PBXFileReference; lastKnownFileType = sourcecode.swift; path = AnalyticsService.swift; sourceTree = "<group>"; };
		3ACFC7D61FBE2CB500D472FB /* AccountSettingsCell.swift */ = {isa = PBXFileReference; lastKnownFileType = sourcecode.swift; path = AccountSettingsCell.swift; sourceTree = "<group>"; };
		3ACFC7D81FC367FC00D472FB /* TimerUIApplication.swift */ = {isa = PBXFileReference; lastKnownFileType = sourcecode.swift; path = TimerUIApplication.swift; sourceTree = "<group>"; };
		3ACFC7DA1FC3692B00D472FB /* main.swift */ = {isa = PBXFileReference; lastKnownFileType = sourcecode.swift; path = main.swift; sourceTree = "<group>"; };
		3AED35AC20052A4D00C8BB88 /* LogoutCell.swift */ = {isa = PBXFileReference; lastKnownFileType = sourcecode.swift; path = LogoutCell.swift; sourceTree = "<group>"; };
		494755E5935655C3132B0EAB /* Pods_Phone_BookTests.framework */ = {isa = PBXFileReference; explicitFileType = wrapper.framework; includeInIndex = 0; path = Pods_Phone_BookTests.framework; sourceTree = BUILT_PRODUCTS_DIR; };
		4C5AE2151F918D2400E271FD /* ContactsListViewController.swift */ = {isa = PBXFileReference; lastKnownFileType = sourcecode.swift; path = ContactsListViewController.swift; sourceTree = "<group>"; };
		4C5AE2171F918D4200E271FD /* ContactDetailsViewController.swift */ = {isa = PBXFileReference; lastKnownFileType = sourcecode.swift; path = ContactDetailsViewController.swift; sourceTree = "<group>"; };
		4C5AE2191F91CE7C00E271FD /* ContactViewCell.swift */ = {isa = PBXFileReference; lastKnownFileType = sourcecode.swift; path = ContactViewCell.swift; sourceTree = "<group>"; };
		4C5AE21B1F944C8500E271FD /* AutheticationService.swift */ = {isa = PBXFileReference; lastKnownFileType = sourcecode.swift; path = AutheticationService.swift; sourceTree = "<group>"; };
		4C5AE21D1F944CC200E271FD /* NetworkRequestService.swift */ = {isa = PBXFileReference; lastKnownFileType = sourcecode.swift; path = NetworkRequestService.swift; sourceTree = "<group>"; };
		4C5AE21F1F945B9400E271FD /* LoginService.swift */ = {isa = PBXFileReference; lastKnownFileType = sourcecode.swift; path = LoginService.swift; sourceTree = "<group>"; };
		4C5AE2211F9502AC00E271FD /* ContactsSearchService.swift */ = {isa = PBXFileReference; lastKnownFileType = sourcecode.swift; path = ContactsSearchService.swift; sourceTree = "<group>"; };
		4C921CA1089986D1CFBA3E4D /* Pods_Phone_Book.framework */ = {isa = PBXFileReference; explicitFileType = wrapper.framework; includeInIndex = 0; path = Pods_Phone_Book.framework; sourceTree = BUILT_PRODUCTS_DIR; };
		726AC258E0E17FBD5CAC14BD /* Pods_Phone_BookUITests.framework */ = {isa = PBXFileReference; explicitFileType = wrapper.framework; includeInIndex = 0; path = Pods_Phone_BookUITests.framework; sourceTree = BUILT_PRODUCTS_DIR; };
		763E5419ABFD3E63111EE66F /* Pods-Phone BookUITests.release.xcconfig */ = {isa = PBXFileReference; includeInIndex = 1; lastKnownFileType = text.xcconfig; name = "Pods-Phone BookUITests.release.xcconfig"; path = "Pods/Target Support Files/Pods-Phone BookUITests/Pods-Phone BookUITests.release.xcconfig"; sourceTree = "<group>"; };
		7B3135E24CBF2773B7448A81 /* Pods-Phone BookUITests.debug.xcconfig */ = {isa = PBXFileReference; includeInIndex = 1; lastKnownFileType = text.xcconfig; name = "Pods-Phone BookUITests.debug.xcconfig"; path = "Pods/Target Support Files/Pods-Phone BookUITests/Pods-Phone BookUITests.debug.xcconfig"; sourceTree = "<group>"; };
		841B89AE1F910E7700CFB3C1 /* Contact.swift */ = {isa = PBXFileReference; fileEncoding = 4; lastKnownFileType = sourcecode.swift; path = Contact.swift; sourceTree = "<group>"; };
		841B89B11F910FB500CFB3C1 /* FavoritesService.swift */ = {isa = PBXFileReference; fileEncoding = 4; lastKnownFileType = sourcecode.swift; path = FavoritesService.swift; sourceTree = "<group>"; };
		84FFD8B71F8EC36300B28184 /* UPHS Phonebook.app */ = {isa = PBXFileReference; explicitFileType = wrapper.application; includeInIndex = 0; path = "UPHS Phonebook.app"; sourceTree = BUILT_PRODUCTS_DIR; };
		84FFD8BA1F8EC36300B28184 /* AppDelegate.swift */ = {isa = PBXFileReference; lastKnownFileType = sourcecode.swift; path = AppDelegate.swift; sourceTree = "<group>"; };
		84FFD8BC1F8EC36300B28184 /* LoginViewController.swift */ = {isa = PBXFileReference; lastKnownFileType = sourcecode.swift; path = LoginViewController.swift; sourceTree = "<group>"; };
		84FFD8BF1F8EC36300B28184 /* Base */ = {isa = PBXFileReference; lastKnownFileType = file.storyboard; name = Base; path = Base.lproj/Main.storyboard; sourceTree = "<group>"; };
		84FFD8C11F8EC36300B28184 /* Assets.xcassets */ = {isa = PBXFileReference; lastKnownFileType = folder.assetcatalog; path = Assets.xcassets; sourceTree = "<group>"; };
		84FFD8C41F8EC36300B28184 /* Base */ = {isa = PBXFileReference; lastKnownFileType = file.storyboard; name = Base; path = Base.lproj/LaunchScreen.storyboard; sourceTree = "<group>"; };
		84FFD8C61F8EC36300B28184 /* Info.plist */ = {isa = PBXFileReference; lastKnownFileType = text.plist.xml; path = Info.plist; sourceTree = "<group>"; };
		84FFD8CB1F8EC36300B28184 /* Phone BookTests.xctest */ = {isa = PBXFileReference; explicitFileType = wrapper.cfbundle; includeInIndex = 0; path = "Phone BookTests.xctest"; sourceTree = BUILT_PRODUCTS_DIR; };
		84FFD8CF1F8EC36300B28184 /* Phone_BookTests.swift */ = {isa = PBXFileReference; lastKnownFileType = sourcecode.swift; path = Phone_BookTests.swift; sourceTree = "<group>"; };
		84FFD8D11F8EC36300B28184 /* Info.plist */ = {isa = PBXFileReference; lastKnownFileType = text.plist.xml; path = Info.plist; sourceTree = "<group>"; };
		84FFD8D61F8EC36300B28184 /* Phone BookUITests.xctest */ = {isa = PBXFileReference; explicitFileType = wrapper.cfbundle; includeInIndex = 0; path = "Phone BookUITests.xctest"; sourceTree = BUILT_PRODUCTS_DIR; };
		84FFD8DA1F8EC36300B28184 /* Phone_BookUITests.swift */ = {isa = PBXFileReference; lastKnownFileType = sourcecode.swift; path = Phone_BookUITests.swift; sourceTree = "<group>"; };
		84FFD8DC1F8EC36300B28184 /* Info.plist */ = {isa = PBXFileReference; lastKnownFileType = text.plist.xml; path = Info.plist; sourceTree = "<group>"; };
		91DD873DD9D5887C4C5E6261 /* Pods-Phone Book.debug.xcconfig */ = {isa = PBXFileReference; includeInIndex = 1; lastKnownFileType = text.xcconfig; name = "Pods-Phone Book.debug.xcconfig"; path = "Pods/Target Support Files/Pods-Phone Book/Pods-Phone Book.debug.xcconfig"; sourceTree = "<group>"; };
		BBCE14587513CC90D4AFCB6E /* Pods-Phone Book.beta.xcconfig */ = {isa = PBXFileReference; includeInIndex = 1; lastKnownFileType = text.xcconfig; name = "Pods-Phone Book.beta.xcconfig"; path = "Pods/Target Support Files/Pods-Phone Book/Pods-Phone Book.beta.xcconfig"; sourceTree = "<group>"; };
		E40FA0394B54BCDD39B25A40 /* Pods-Phone BookTests.beta.xcconfig */ = {isa = PBXFileReference; includeInIndex = 1; lastKnownFileType = text.xcconfig; name = "Pods-Phone BookTests.beta.xcconfig"; path = "Pods/Target Support Files/Pods-Phone BookTests/Pods-Phone BookTests.beta.xcconfig"; sourceTree = "<group>"; };
		FA2117213B984C30A47F88AD /* Pods-Phone Book.release.xcconfig */ = {isa = PBXFileReference; includeInIndex = 1; lastKnownFileType = text.xcconfig; name = "Pods-Phone Book.release.xcconfig"; path = "Pods/Target Support Files/Pods-Phone Book/Pods-Phone Book.release.xcconfig"; sourceTree = "<group>"; };
/* End PBXFileReference section */

/* Begin PBXFrameworksBuildPhase section */
		84FFD8B41F8EC36300B28184 /* Frameworks */ = {
			isa = PBXFrameworksBuildPhase;
			buildActionMask = 2147483647;
			files = (
				740982A8D65EF221D1AC67A9 /* Pods_Phone_Book.framework in Frameworks */,
			);
			runOnlyForDeploymentPostprocessing = 0;
		};
		84FFD8C81F8EC36300B28184 /* Frameworks */ = {
			isa = PBXFrameworksBuildPhase;
			buildActionMask = 2147483647;
			files = (
				F87644CBB4682107FE33728B /* Pods_Phone_BookTests.framework in Frameworks */,
			);
			runOnlyForDeploymentPostprocessing = 0;
		};
		84FFD8D31F8EC36300B28184 /* Frameworks */ = {
			isa = PBXFrameworksBuildPhase;
			buildActionMask = 2147483647;
			files = (
				D61CE503106A23395772429B /* Pods_Phone_BookUITests.framework in Frameworks */,
			);
			runOnlyForDeploymentPostprocessing = 0;
		};
/* End PBXFrameworksBuildPhase section */

/* Begin PBXGroup section */
		23E74721111736F2DE695D20 /* Pods */ = {
			isa = PBXGroup;
			children = (
				91DD873DD9D5887C4C5E6261 /* Pods-Phone Book.debug.xcconfig */,
				FA2117213B984C30A47F88AD /* Pods-Phone Book.release.xcconfig */,
				1E816519D24726D1F49D3D6B /* Pods-Phone BookTests.debug.xcconfig */,
				261E2B60929BD1D5295DDDC6 /* Pods-Phone BookTests.release.xcconfig */,
				7B3135E24CBF2773B7448A81 /* Pods-Phone BookUITests.debug.xcconfig */,
				763E5419ABFD3E63111EE66F /* Pods-Phone BookUITests.release.xcconfig */,
				BBCE14587513CC90D4AFCB6E /* Pods-Phone Book.beta.xcconfig */,
				E40FA0394B54BCDD39B25A40 /* Pods-Phone BookTests.beta.xcconfig */,
				3054959A2E40D0BD87EB4720 /* Pods-Phone BookUITests.beta.xcconfig */,
			);
			name = Pods;
			sourceTree = "<group>";
		};
		3A2BDF911F991CE90018E13A /* Utilities */ = {
			isa = PBXGroup;
			children = (
				3ACFC7DA1FC3692B00D472FB /* main.swift */,
				3ACFC7D81FC367FC00D472FB /* TimerUIApplication.swift */,
				3A6891262017AD2B005C91EC /* ScreenGlobals.swift */,
			);
			name = Utilities;
			sourceTree = "<group>";
		};
		3A419F41201267CF00E91645 /* Extensions */ = {
			isa = PBXGroup;
			children = (
				3A2BDF921F991E0A0018E13A /* UIColor+UPenn.swift */,
				3A2BDF941F9920A60018E13A /* UIButton+UPenn.swift */,
				3A317CCA1F9F9FFD00786C95 /* UIViewController+UPenn.swift */,
				3A7FAE3C1FA78F42009765F8 /* UILabel+UPenn.swift */,
				3A1F2B521FFFCFBF00520625 /* UITextField+UPenn.swift */,
				3A1F2B541FFFD06500520625 /* UIFont+UPenn.swift */,
				3A8D0F802006699B008E004A /* UISearchBar+UPenn.swift */,
				3A419F3F2012651100E91645 /* UIView+UPenn.swift */,
				3A689128201A4736005C91EC /* String+UPenn.swift */,
			);
			name = Extensions;
			sourceTree = "<group>";
		};
		3A7C5B1A20C05F970051A0B9 /* Firebase Configs */ = {
			isa = PBXGroup;
			children = (
				3A7C5B1B20C05FBE0051A0B9 /* Dev */,
				3A7C5B1C20C05FC70051A0B9 /* Prod */,
			);
			path = "Firebase Configs";
			sourceTree = "<group>";
		};
		3A7C5B1B20C05FBE0051A0B9 /* Dev */ = {
			isa = PBXGroup;
			children = (
				3A7C5B2320C065700051A0B9 /* GoogleService-Info.plist */,
			);
			path = Dev;
			sourceTree = "<group>";
		};
		3A7C5B1C20C05FC70051A0B9 /* Prod */ = {
			isa = PBXGroup;
			children = (
				3A7C5B1D20C05FE40051A0B9 /* GoogleService-Info.plist */,
			);
			path = Prod;
			sourceTree = "<group>";
		};
		841B89AB1F910E2300CFB3C1 /* Models */ = {
			isa = PBXGroup;
			children = (
				841B89AE1F910E7700CFB3C1 /* Contact.swift */,
				3A26C1E01F97D372005C88C9 /* KeychainPasswordItem.swift */,
				3A26C1E21F97D3BD005C88C9 /* KeyChainConfiguration.swift */,
				3A317CD31F9FD2E800786C95 /* FavoriteContact.xcdatamodeld */,
				3A317CD61F9FD32700786C95 /* FavoriteContact+CoredDataProperties.swift */,
				3A317CD81F9FD35F00786C95 /* FavoriteContact+CoreDataClass.swift */,
			);
			name = Models;
			sourceTree = "<group>";
		};
		841B89AC1F910E3200CFB3C1 /* Views */ = {
			isa = PBXGroup;
			children = (
				4C5AE2191F91CE7C00E271FD /* ContactViewCell.swift */,
				3A2BDF961F993AE00018E13A /* LoginTextField.swift */,
				3A317CDA1FA0C91F00786C95 /* FavoritesContactViewCell.swift */,
				3ACFC7D61FBE2CB500D472FB /* AccountSettingsCell.swift */,
				3A2052621FDAFAB30004CBDC /* AutoLogoutCell.swift */,
				3A5DCD431FF4237400EF470B /* BiometricsEnableCell.swift */,
				3AED35AC20052A4D00C8BB88 /* LogoutCell.swift */,
				3A419F3D2012647700E91645 /* FavoritesGroupTitleView.swift */,
				3A419F422012683100E91645 /* FavoritesGroupTitleView.xib */,
				3A16E4C1201F894300EA7A20 /* ContactIconView.swift */,
				3A16E4C3201F896900EA7A20 /* ContactIconView.xib */,
				3A16E4C5201F8E3700EA7A20 /* NibView.swift */,
			);
			name = Views;
			sourceTree = "<group>";
		};
		841B89AD1F910E3800CFB3C1 /* Controllers */ = {
			isa = PBXGroup;
			children = (
				84FFD8BC1F8EC36300B28184 /* LoginViewController.swift */,
				4C5AE2151F918D2400E271FD /* ContactsListViewController.swift */,
				4C5AE2171F918D4200E271FD /* ContactDetailsViewController.swift */,
				3A317CC81F9F98DD00786C95 /* FavoritesViewController.swift */,
				3A7FAE3E1FA8C30F009765F8 /* FavoritesGroupsListViewController.swift */,
				3A339A0D1FBE24C9005AA593 /* AccountTableViewController.swift */,
				3A419F442016467400E91645 /* ContactGroupViewController.swift */,
				3A813A7520C861320036BD1D /* RootViewController.swift */,
			);
			name = Controllers;
			sourceTree = "<group>";
		};
		841B89B01F910FA100CFB3C1 /* Services */ = {
			isa = PBXGroup;
			children = (
				841B89B11F910FB500CFB3C1 /* FavoritesService.swift */,
				4C5AE21B1F944C8500E271FD /* AutheticationService.swift */,
				4C5AE21D1F944CC200E271FD /* NetworkRequestService.swift */,
				4C5AE21F1F945B9400E271FD /* LoginService.swift */,
				4C5AE2211F9502AC00E271FD /* ContactsSearchService.swift */,
				3A26C1DE1F97CDAD005C88C9 /* ValidationService.swift */,
				3A317CC61F9F7DDE00786C95 /* MessagingService.swift */,
				3A317CDC1FA2676800786C95 /* EmailService.swift */,
				3A2534EE1FD09E3F0015F9D9 /* ContactService.swift */,
				3A70DBCB1FE17548006556D6 /* AddressBookService.swift */,
				3A4C18771FE1AF0200486116 /* BiometricsAuthService.swift */,
				3A22321C203F6336008388FC /* KeyboardService.swift */,
				3AC9C5CD20A3990B007CD1C4 /* AnalyticsService.swift */,
				3A2749C620A9DC7F00A46402 /* ConfigurationsService.swift */,
				3A322CB021AF2F370034FBB2 /* DeviceService.swift */,
			);
			name = Services;
			sourceTree = "<group>";
		};
		84FFD8AE1F8EC36300B28184 = {
			isa = PBXGroup;
			children = (
				84FFD8B91F8EC36300B28184 /* Phone Book */,
				84FFD8CE1F8EC36300B28184 /* Phone BookTests */,
				84FFD8D91F8EC36300B28184 /* Phone BookUITests */,
				84FFD8B81F8EC36300B28184 /* Products */,
				23E74721111736F2DE695D20 /* Pods */,
				A70553D57FFC4C8423F20113 /* Frameworks */,
			);
			sourceTree = "<group>";
		};
		84FFD8B81F8EC36300B28184 /* Products */ = {
			isa = PBXGroup;
			children = (
				84FFD8B71F8EC36300B28184 /* UPHS Phonebook.app */,
				84FFD8CB1F8EC36300B28184 /* Phone BookTests.xctest */,
				84FFD8D61F8EC36300B28184 /* Phone BookUITests.xctest */,
			);
			name = Products;
			sourceTree = "<group>";
		};
		84FFD8B91F8EC36300B28184 /* Phone Book */ = {
			isa = PBXGroup;
			children = (
				3A419F41201267CF00E91645 /* Extensions */,
				3A2BDF911F991CE90018E13A /* Utilities */,
				841B89B01F910FA100CFB3C1 /* Services */,
				841B89AB1F910E2300CFB3C1 /* Models */,
				841B89AC1F910E3200CFB3C1 /* Views */,
				841B89AD1F910E3800CFB3C1 /* Controllers */,
				3A7C5B1A20C05F970051A0B9 /* Firebase Configs */,
				84FFD8BA1F8EC36300B28184 /* AppDelegate.swift */,
				84FFD8BE1F8EC36300B28184 /* Main.storyboard */,
				84FFD8C11F8EC36300B28184 /* Assets.xcassets */,
				84FFD8C31F8EC36300B28184 /* LaunchScreen.storyboard */,
				84FFD8C61F8EC36300B28184 /* Info.plist */,
			);
			path = "Phone Book";
			sourceTree = "<group>";
		};
		84FFD8CE1F8EC36300B28184 /* Phone BookTests */ = {
			isa = PBXGroup;
			children = (
				84FFD8CF1F8EC36300B28184 /* Phone_BookTests.swift */,
				84FFD8D11F8EC36300B28184 /* Info.plist */,
			);
			path = "Phone BookTests";
			sourceTree = "<group>";
		};
		84FFD8D91F8EC36300B28184 /* Phone BookUITests */ = {
			isa = PBXGroup;
			children = (
				84FFD8DA1F8EC36300B28184 /* Phone_BookUITests.swift */,
				84FFD8DC1F8EC36300B28184 /* Info.plist */,
			);
			path = "Phone BookUITests";
			sourceTree = "<group>";
		};
		A70553D57FFC4C8423F20113 /* Frameworks */ = {
			isa = PBXGroup;
			children = (
				4C921CA1089986D1CFBA3E4D /* Pods_Phone_Book.framework */,
				494755E5935655C3132B0EAB /* Pods_Phone_BookTests.framework */,
				726AC258E0E17FBD5CAC14BD /* Pods_Phone_BookUITests.framework */,
			);
			name = Frameworks;
			sourceTree = "<group>";
		};
/* End PBXGroup section */

/* Begin PBXNativeTarget section */
		84FFD8B61F8EC36300B28184 /* Phone Book */ = {
			isa = PBXNativeTarget;
			buildConfigurationList = 84FFD8DF1F8EC36300B28184 /* Build configuration list for PBXNativeTarget "Phone Book" */;
			buildPhases = (
				1B2AD071A3AA14625ACC09F1 /* [CP] Check Pods Manifest.lock */,
				84FFD8B31F8EC36300B28184 /* Sources */,
				84FFD8B41F8EC36300B28184 /* Frameworks */,
				84FFD8B51F8EC36300B28184 /* Resources */,
				A424B122AA5F382B2DD68738 /* [CP] Embed Pods Frameworks */,
				162066745919D0B39C1885D8 /* [CP] Copy Pods Resources */,
				3A5DCD451FFD5C1700EF470B /* Archive Build & Version Incrementation */,
				3A7C5B2220C0633E0051A0B9 /* Setup Firebase Environment GoogleService-Info.plist */,
			);
			buildRules = (
			);
			dependencies = (
			);
			name = "Phone Book";
			productName = "Phone Book";
			productReference = 84FFD8B71F8EC36300B28184 /* UPHS Phonebook.app */;
			productType = "com.apple.product-type.application";
		};
		84FFD8CA1F8EC36300B28184 /* Phone BookTests */ = {
			isa = PBXNativeTarget;
			buildConfigurationList = 84FFD8E21F8EC36300B28184 /* Build configuration list for PBXNativeTarget "Phone BookTests" */;
			buildPhases = (
				327349839D70DCDA0D5C1343 /* [CP] Check Pods Manifest.lock */,
				84FFD8C71F8EC36300B28184 /* Sources */,
				84FFD8C81F8EC36300B28184 /* Frameworks */,
				84FFD8C91F8EC36300B28184 /* Resources */,
				FA8FC26ABFD1957E2C64E17B /* [CP] Embed Pods Frameworks */,
				2BC432419F57355E49332593 /* [CP] Copy Pods Resources */,
			);
			buildRules = (
			);
			dependencies = (
				84FFD8CD1F8EC36300B28184 /* PBXTargetDependency */,
			);
			name = "Phone BookTests";
			productName = "Phone BookTests";
			productReference = 84FFD8CB1F8EC36300B28184 /* Phone BookTests.xctest */;
			productType = "com.apple.product-type.bundle.unit-test";
		};
		84FFD8D51F8EC36300B28184 /* Phone BookUITests */ = {
			isa = PBXNativeTarget;
			buildConfigurationList = 84FFD8E51F8EC36300B28184 /* Build configuration list for PBXNativeTarget "Phone BookUITests" */;
			buildPhases = (
				0E4A808DF82D202D8220B389 /* [CP] Check Pods Manifest.lock */,
				84FFD8D21F8EC36300B28184 /* Sources */,
				84FFD8D31F8EC36300B28184 /* Frameworks */,
				84FFD8D41F8EC36300B28184 /* Resources */,
				8C8D89385322558216B8C274 /* [CP] Embed Pods Frameworks */,
				69814689E1F19B1CEF9ADC94 /* [CP] Copy Pods Resources */,
			);
			buildRules = (
			);
			dependencies = (
				84FFD8D81F8EC36300B28184 /* PBXTargetDependency */,
			);
			name = "Phone BookUITests";
			productName = "Phone BookUITests";
			productReference = 84FFD8D61F8EC36300B28184 /* Phone BookUITests.xctest */;
			productType = "com.apple.product-type.bundle.ui-testing";
		};
/* End PBXNativeTarget section */

/* Begin PBXProject section */
		84FFD8AF1F8EC36300B28184 /* Project object */ = {
			isa = PBXProject;
			attributes = {
				LastSwiftUpdateCheck = 0820;
				LastUpgradeCheck = 0820;
				ORGANIZATIONNAME = UPenn;
				TargetAttributes = {
					84FFD8B61F8EC36300B28184 = {
						CreatedOnToolsVersion = 8.2.1;
						DevelopmentTeam = QT5VQXC56T;
						ProvisioningStyle = Manual;
					};
					84FFD8CA1F8EC36300B28184 = {
						CreatedOnToolsVersion = 8.2.1;
						DevelopmentTeam = QT5VQXC56T;
						ProvisioningStyle = Automatic;
						TestTargetID = 84FFD8B61F8EC36300B28184;
					};
					84FFD8D51F8EC36300B28184 = {
						CreatedOnToolsVersion = 8.2.1;
						DevelopmentTeam = QT5VQXC56T;
						ProvisioningStyle = Automatic;
						TestTargetID = 84FFD8B61F8EC36300B28184;
					};
				};
			};
			buildConfigurationList = 84FFD8B21F8EC36300B28184 /* Build configuration list for PBXProject "Phone Book" */;
			compatibilityVersion = "Xcode 3.2";
			developmentRegion = English;
			hasScannedForEncodings = 0;
			knownRegions = (
				en,
				Base,
			);
			mainGroup = 84FFD8AE1F8EC36300B28184;
			productRefGroup = 84FFD8B81F8EC36300B28184 /* Products */;
			projectDirPath = "";
			projectRoot = "";
			targets = (
				84FFD8B61F8EC36300B28184 /* Phone Book */,
				84FFD8CA1F8EC36300B28184 /* Phone BookTests */,
				84FFD8D51F8EC36300B28184 /* Phone BookUITests */,
			);
		};
/* End PBXProject section */

/* Begin PBXResourcesBuildPhase section */
		84FFD8B51F8EC36300B28184 /* Resources */ = {
			isa = PBXResourcesBuildPhase;
			buildActionMask = 2147483647;
			files = (
				84FFD8C51F8EC36300B28184 /* LaunchScreen.storyboard in Resources */,
				3A419F432012683100E91645 /* FavoritesGroupTitleView.xib in Resources */,
				3A16E4C4201F896900EA7A20 /* ContactIconView.xib in Resources */,
				84FFD8C21F8EC36300B28184 /* Assets.xcassets in Resources */,
				84FFD8C01F8EC36300B28184 /* Main.storyboard in Resources */,
			);
			runOnlyForDeploymentPostprocessing = 0;
		};
		84FFD8C91F8EC36300B28184 /* Resources */ = {
			isa = PBXResourcesBuildPhase;
			buildActionMask = 2147483647;
			files = (
			);
			runOnlyForDeploymentPostprocessing = 0;
		};
		84FFD8D41F8EC36300B28184 /* Resources */ = {
			isa = PBXResourcesBuildPhase;
			buildActionMask = 2147483647;
			files = (
			);
			runOnlyForDeploymentPostprocessing = 0;
		};
/* End PBXResourcesBuildPhase section */

/* Begin PBXShellScriptBuildPhase section */
		0E4A808DF82D202D8220B389 /* [CP] Check Pods Manifest.lock */ = {
			isa = PBXShellScriptBuildPhase;
			buildActionMask = 2147483647;
			files = (
			);
			inputPaths = (
				"${PODS_PODFILE_DIR_PATH}/Podfile.lock",
				"${PODS_ROOT}/Manifest.lock",
			);
			name = "[CP] Check Pods Manifest.lock";
			outputPaths = (
				"$(DERIVED_FILE_DIR)/Pods-Phone BookUITests-checkManifestLockResult.txt",
			);
			runOnlyForDeploymentPostprocessing = 0;
			shellPath = /bin/sh;
			shellScript = "diff \"${PODS_PODFILE_DIR_PATH}/Podfile.lock\" \"${PODS_ROOT}/Manifest.lock\" > /dev/null\nif [ $? != 0 ] ; then\n    # print error to STDERR\n    echo \"error: The sandbox is not in sync with the Podfile.lock. Run 'pod install' or update your CocoaPods installation.\" >&2\n    exit 1\nfi\n# This output is used by Xcode 'outputs' to avoid re-running this script phase.\necho \"SUCCESS\" > \"${SCRIPT_OUTPUT_FILE_0}\"\n";
			showEnvVarsInLog = 0;
		};
		162066745919D0B39C1885D8 /* [CP] Copy Pods Resources */ = {
			isa = PBXShellScriptBuildPhase;
			buildActionMask = 2147483647;
			files = (
			);
			inputPaths = (
			);
			name = "[CP] Copy Pods Resources";
			outputPaths = (
			);
			runOnlyForDeploymentPostprocessing = 0;
			shellPath = /bin/sh;
			shellScript = "\"${SRCROOT}/Pods/Target Support Files/Pods-Phone Book/Pods-Phone Book-resources.sh\"\n";
			showEnvVarsInLog = 0;
		};
		1B2AD071A3AA14625ACC09F1 /* [CP] Check Pods Manifest.lock */ = {
			isa = PBXShellScriptBuildPhase;
			buildActionMask = 2147483647;
			files = (
			);
			inputPaths = (
				"${PODS_PODFILE_DIR_PATH}/Podfile.lock",
				"${PODS_ROOT}/Manifest.lock",
			);
			name = "[CP] Check Pods Manifest.lock";
			outputPaths = (
				"$(DERIVED_FILE_DIR)/Pods-Phone Book-checkManifestLockResult.txt",
			);
			runOnlyForDeploymentPostprocessing = 0;
			shellPath = /bin/sh;
			shellScript = "diff \"${PODS_PODFILE_DIR_PATH}/Podfile.lock\" \"${PODS_ROOT}/Manifest.lock\" > /dev/null\nif [ $? != 0 ] ; then\n    # print error to STDERR\n    echo \"error: The sandbox is not in sync with the Podfile.lock. Run 'pod install' or update your CocoaPods installation.\" >&2\n    exit 1\nfi\n# This output is used by Xcode 'outputs' to avoid re-running this script phase.\necho \"SUCCESS\" > \"${SCRIPT_OUTPUT_FILE_0}\"\n";
			showEnvVarsInLog = 0;
		};
		2BC432419F57355E49332593 /* [CP] Copy Pods Resources */ = {
			isa = PBXShellScriptBuildPhase;
			buildActionMask = 2147483647;
			files = (
			);
			inputPaths = (
			);
			name = "[CP] Copy Pods Resources";
			outputPaths = (
			);
			runOnlyForDeploymentPostprocessing = 0;
			shellPath = /bin/sh;
			shellScript = "\"${SRCROOT}/Pods/Target Support Files/Pods-Phone BookTests/Pods-Phone BookTests-resources.sh\"\n";
			showEnvVarsInLog = 0;
		};
		327349839D70DCDA0D5C1343 /* [CP] Check Pods Manifest.lock */ = {
			isa = PBXShellScriptBuildPhase;
			buildActionMask = 2147483647;
			files = (
			);
			inputPaths = (
				"${PODS_PODFILE_DIR_PATH}/Podfile.lock",
				"${PODS_ROOT}/Manifest.lock",
			);
			name = "[CP] Check Pods Manifest.lock";
			outputPaths = (
				"$(DERIVED_FILE_DIR)/Pods-Phone BookTests-checkManifestLockResult.txt",
			);
			runOnlyForDeploymentPostprocessing = 0;
			shellPath = /bin/sh;
			shellScript = "diff \"${PODS_PODFILE_DIR_PATH}/Podfile.lock\" \"${PODS_ROOT}/Manifest.lock\" > /dev/null\nif [ $? != 0 ] ; then\n    # print error to STDERR\n    echo \"error: The sandbox is not in sync with the Podfile.lock. Run 'pod install' or update your CocoaPods installation.\" >&2\n    exit 1\nfi\n# This output is used by Xcode 'outputs' to avoid re-running this script phase.\necho \"SUCCESS\" > \"${SCRIPT_OUTPUT_FILE_0}\"\n";
			showEnvVarsInLog = 0;
		};
		3A5DCD451FFD5C1700EF470B /* Archive Build & Version Incrementation */ = {
			isa = PBXShellScriptBuildPhase;
			buildActionMask = 8;
			files = (
			);
			inputPaths = (
			);
			name = "Archive Build & Version Incrementation";
			outputPaths = (
			);
			runOnlyForDeploymentPostprocessing = 1;
			shellPath = /bin/sh;
			shellScript = "# Increment build number each time project is archived\nbuildNumber=$(/usr/libexec/PlistBuddy -c \"Print CFBundleVersion\" \"${PROJECT_DIR}/${INFOPLIST_FILE}\")\nbuildNumber=$(($buildNumber + 1))\n\n# Print Build Num\n# /usr/libexec/PlistBuddy -c \"Set :CFBundleVersion $buildNumber\" \"${PROJECT_DIR}/${INFOPLIST_FILE}\"\n\n# This splits a two-decimal version string, such as \"0.45.123\", allowing us to increment the third position.\nVERSIONNUM=$(/usr/libexec/PlistBuddy -c \"Print CFBundleShortVersionString\" \"${PROJECT_DIR}/${INFOPLIST_FILE}\")\nNEWSUBVERSION=`echo $VERSIONNUM | awk -F \".\" '{print $3}'`\nNEWSUBVERSION=$(($NEWSUBVERSION + 1))\nNEWVERSIONSTRING=`echo $VERSIONNUM | awk -F \".\" '{print $1 \".\" $2 \".'$NEWSUBVERSION'\" }'`\n\n# Print Version Num\n# /usr/libexec/PlistBuddy -c \"Set :CFBundleShortVersionString $NEWVERSIONSTRING\" \"${PROJECT_DIR}/${INFOPLIST_FILE}\"\n";
		};
		3A7C5B2220C0633E0051A0B9 /* Setup Firebase Environment GoogleService-Info.plist */ = {
			isa = PBXShellScriptBuildPhase;
			buildActionMask = 2147483647;
			files = (
			);
			inputPaths = (
			);
			name = "Setup Firebase Environment GoogleService-Info.plist";
			outputPaths = (
			);
			runOnlyForDeploymentPostprocessing = 0;
			shellPath = /bin/sh;
			shellScript = "\n# Name of the resource we're selectively copying\nGOOGLESERVICE_INFO_PLIST=GoogleService-Info.plist\n\n# Get references to dev and prod versions of the GoogleService-Info.plist\n# NOTE: These should only live on the file system and should NOT be part of the target (since we'll be adding them to the target manually)\nGOOGLESERVICE_INFO_DEV=${PROJECT_DIR}/${TARGET_NAME}/Firebase\\ Configs/Dev/${GOOGLESERVICE_INFO_PLIST}\nGOOGLESERVICE_INFO_PROD=${PROJECT_DIR}/${TARGET_NAME}/Firebase\\ Configs/Prod/${GOOGLESERVICE_INFO_PLIST}\n\n# Make sure the dev version of GoogleService-Info.plist exists\necho \"Looking for ${GOOGLESERVICE_INFO_PLIST} in ${GOOGLESERVICE_INFO_DEV}\"\nif [ ! -f $GOOGLESERVICE_INFO_DEV ]\nthen\necho \"No Development GoogleService-Info.plist found. Please ensure it's in the proper directory.\"\nexit 1\nfi\n\n# Make sure the prod version of GoogleService-Info.plist exists\necho \"Looking for ${GOOGLESERVICE_INFO_PLIST} in ${GOOGLESERVICE_INFO_PROD}\"\nif [ ! -f $GOOGLESERVICE_INFO_PROD ]\nthen\necho \"No Production GoogleService-Info.plist found. Please ensure it's in the proper directory.\"\nexit 1\nfi\n\n# Get a reference to the destination location for the GoogleService-Info.plist\nPLIST_DESTINATION=${BUILT_PRODUCTS_DIR}/${PRODUCT_NAME}.app\necho \"Will copy ${GOOGLESERVICE_INFO_PLIST} to final destination: ${PLIST_DESTINATION}\"\n\n# Copy over the prod GoogleService-Info.plist for Release builds\nif [ \"${CONFIGURATION}\" == \"Beta\" ]\nthen\necho \"Using ${GOOGLESERVICE_INFO_DEV}\"\ncp \"${GOOGLESERVICE_INFO_DEV}\" \"${PLIST_DESTINATION}\"\nelse\necho \"Using ${GOOGLESERVICE_INFO_PROD}\"\ncp \"${GOOGLESERVICE_INFO_PROD}\" \"${PLIST_DESTINATION}\"\nfi";
		};
		69814689E1F19B1CEF9ADC94 /* [CP] Copy Pods Resources */ = {
			isa = PBXShellScriptBuildPhase;
			buildActionMask = 2147483647;
			files = (
			);
			inputPaths = (
			);
			name = "[CP] Copy Pods Resources";
			outputPaths = (
			);
			runOnlyForDeploymentPostprocessing = 0;
			shellPath = /bin/sh;
			shellScript = "\"${SRCROOT}/Pods/Target Support Files/Pods-Phone BookUITests/Pods-Phone BookUITests-resources.sh\"\n";
			showEnvVarsInLog = 0;
		};
		8C8D89385322558216B8C274 /* [CP] Embed Pods Frameworks */ = {
			isa = PBXShellScriptBuildPhase;
			buildActionMask = 2147483647;
			files = (
			);
			inputPaths = (
				"${SRCROOT}/Pods/Target Support Files/Pods-Phone BookUITests/Pods-Phone BookUITests-frameworks.sh",
				"${BUILT_PRODUCTS_DIR}/Alamofire/Alamofire.framework",
				"${BUILT_PRODUCTS_DIR}/GoogleToolboxForMac/GoogleToolboxForMac.framework",
				"${BUILT_PRODUCTS_DIR}/SVProgressHUD/SVProgressHUD.framework",
				"${BUILT_PRODUCTS_DIR}/nanopb/nanopb.framework",
			);
			name = "[CP] Embed Pods Frameworks";
			outputPaths = (
				"${TARGET_BUILD_DIR}/${FRAMEWORKS_FOLDER_PATH}/Alamofire.framework",
				"${TARGET_BUILD_DIR}/${FRAMEWORKS_FOLDER_PATH}/GoogleToolboxForMac.framework",
				"${TARGET_BUILD_DIR}/${FRAMEWORKS_FOLDER_PATH}/SVProgressHUD.framework",
				"${TARGET_BUILD_DIR}/${FRAMEWORKS_FOLDER_PATH}/nanopb.framework",
			);
			runOnlyForDeploymentPostprocessing = 0;
			shellPath = /bin/sh;
			shellScript = "\"${SRCROOT}/Pods/Target Support Files/Pods-Phone BookUITests/Pods-Phone BookUITests-frameworks.sh\"\n";
			showEnvVarsInLog = 0;
		};
		A424B122AA5F382B2DD68738 /* [CP] Embed Pods Frameworks */ = {
			isa = PBXShellScriptBuildPhase;
			buildActionMask = 2147483647;
			files = (
			);
			inputPaths = (
				"${SRCROOT}/Pods/Target Support Files/Pods-Phone Book/Pods-Phone Book-frameworks.sh",
				"${BUILT_PRODUCTS_DIR}/Alamofire/Alamofire.framework",
				"${BUILT_PRODUCTS_DIR}/GoogleToolboxForMac/GoogleToolboxForMac.framework",
				"${BUILT_PRODUCTS_DIR}/SVProgressHUD/SVProgressHUD.framework",
				"${BUILT_PRODUCTS_DIR}/nanopb/nanopb.framework",
			);
			name = "[CP] Embed Pods Frameworks";
			outputPaths = (
				"${TARGET_BUILD_DIR}/${FRAMEWORKS_FOLDER_PATH}/Alamofire.framework",
				"${TARGET_BUILD_DIR}/${FRAMEWORKS_FOLDER_PATH}/GoogleToolboxForMac.framework",
				"${TARGET_BUILD_DIR}/${FRAMEWORKS_FOLDER_PATH}/SVProgressHUD.framework",
				"${TARGET_BUILD_DIR}/${FRAMEWORKS_FOLDER_PATH}/nanopb.framework",
			);
			runOnlyForDeploymentPostprocessing = 0;
			shellPath = /bin/sh;
			shellScript = "\"${SRCROOT}/Pods/Target Support Files/Pods-Phone Book/Pods-Phone Book-frameworks.sh\"\n";
			showEnvVarsInLog = 0;
		};
		FA8FC26ABFD1957E2C64E17B /* [CP] Embed Pods Frameworks */ = {
			isa = PBXShellScriptBuildPhase;
			buildActionMask = 2147483647;
			files = (
			);
			inputPaths = (
				"${SRCROOT}/Pods/Target Support Files/Pods-Phone BookTests/Pods-Phone BookTests-frameworks.sh",
				"${BUILT_PRODUCTS_DIR}/Alamofire/Alamofire.framework",
				"${BUILT_PRODUCTS_DIR}/GoogleToolboxForMac/GoogleToolboxForMac.framework",
				"${BUILT_PRODUCTS_DIR}/SVProgressHUD/SVProgressHUD.framework",
				"${BUILT_PRODUCTS_DIR}/nanopb/nanopb.framework",
			);
			name = "[CP] Embed Pods Frameworks";
			outputPaths = (
				"${TARGET_BUILD_DIR}/${FRAMEWORKS_FOLDER_PATH}/Alamofire.framework",
				"${TARGET_BUILD_DIR}/${FRAMEWORKS_FOLDER_PATH}/GoogleToolboxForMac.framework",
				"${TARGET_BUILD_DIR}/${FRAMEWORKS_FOLDER_PATH}/SVProgressHUD.framework",
				"${TARGET_BUILD_DIR}/${FRAMEWORKS_FOLDER_PATH}/nanopb.framework",
			);
			runOnlyForDeploymentPostprocessing = 0;
			shellPath = /bin/sh;
			shellScript = "\"${SRCROOT}/Pods/Target Support Files/Pods-Phone BookTests/Pods-Phone BookTests-frameworks.sh\"\n";
			showEnvVarsInLog = 0;
		};
/* End PBXShellScriptBuildPhase section */

/* Begin PBXSourcesBuildPhase section */
		84FFD8B31F8EC36300B28184 /* Sources */ = {
			isa = PBXSourcesBuildPhase;
			buildActionMask = 2147483647;
			files = (
				3A317CC71F9F7DDE00786C95 /* MessagingService.swift in Sources */,
				3A317CDB1FA0C91F00786C95 /* FavoritesContactViewCell.swift in Sources */,
				3A339A0E1FBE24C9005AA593 /* AccountTableViewController.swift in Sources */,
				4C5AE2221F9502AC00E271FD /* ContactsSearchService.swift in Sources */,
				3A2BDF931F991E0A0018E13A /* UIColor+UPenn.swift in Sources */,
				4C5AE21C1F944C8500E271FD /* AutheticationService.swift in Sources */,
				3A26C1DF1F97CDAD005C88C9 /* ValidationService.swift in Sources */,
				3A16E4C6201F8E3700EA7A20 /* NibView.swift in Sources */,
				3AED35AD20052A4D00C8BB88 /* LogoutCell.swift in Sources */,
				84FFD8BD1F8EC36300B28184 /* LoginViewController.swift in Sources */,
				3A419F452016467500E91645 /* ContactGroupViewController.swift in Sources */,
				841B89B21F910FB500CFB3C1 /* FavoritesService.swift in Sources */,
				3A2749C720A9DC7F00A46402 /* ConfigurationsService.swift in Sources */,
				3A2BDF971F993AE00018E13A /* LoginTextField.swift in Sources */,
				3ACFC7D91FC367FC00D472FB /* TimerUIApplication.swift in Sources */,
				3A8D0F812006699B008E004A /* UISearchBar+UPenn.swift in Sources */,
				3A419F402012651100E91645 /* UIView+UPenn.swift in Sources */,
				3A689129201A4737005C91EC /* String+UPenn.swift in Sources */,
				4C5AE2181F918D4200E271FD /* ContactDetailsViewController.swift in Sources */,
				3A22321D203F6336008388FC /* KeyboardService.swift in Sources */,
				3A2534EF1FD09E3F0015F9D9 /* ContactService.swift in Sources */,
				3ACFC7DB1FC3692B00D472FB /* main.swift in Sources */,
				84FFD8BB1F8EC36300B28184 /* AppDelegate.swift in Sources */,
				3A322CB121AF2F370034FBB2 /* DeviceService.swift in Sources */,
				841B89AF1F910E7700CFB3C1 /* Contact.swift in Sources */,
				3A7FAE3F1FA8C30F009765F8 /* FavoritesGroupsListViewController.swift in Sources */,
				3A5DCD441FF4237400EF470B /* BiometricsEnableCell.swift in Sources */,
				3A317CC91F9F98DD00786C95 /* FavoritesViewController.swift in Sources */,
				3AC9C5CE20A3990B007CD1C4 /* AnalyticsService.swift in Sources */,
				3A16E4C2201F894300EA7A20 /* ContactIconView.swift in Sources */,
				3ACFC7D71FBE2CB500D472FB /* AccountSettingsCell.swift in Sources */,
				3A2052631FDAFAB30004CBDC /* AutoLogoutCell.swift in Sources */,
				4C5AE2161F918D2500E271FD /* ContactsListViewController.swift in Sources */,
				3A70DBCC1FE17548006556D6 /* AddressBookService.swift in Sources */,
				3A419F3E2012647700E91645 /* FavoritesGroupTitleView.swift in Sources */,
				3A317CD71F9FD32700786C95 /* FavoriteContact+CoredDataProperties.swift in Sources */,
				3A813A7620C861320036BD1D /* RootViewController.swift in Sources */,
				3A7FAE3D1FA78F42009765F8 /* UILabel+UPenn.swift in Sources */,
				3A4C18781FE1AF0200486116 /* BiometricsAuthService.swift in Sources */,
				3A317CD51F9FD2E800786C95 /* FavoriteContact.xcdatamodeld in Sources */,
				3A2BDF951F9920A60018E13A /* UIButton+UPenn.swift in Sources */,
				4C5AE2201F945B9400E271FD /* LoginService.swift in Sources */,
				3A317CDD1FA2676800786C95 /* EmailService.swift in Sources */,
				3A1F2B531FFFCFBF00520625 /* UITextField+UPenn.swift in Sources */,
				3A1F2B551FFFD06500520625 /* UIFont+UPenn.swift in Sources */,
				4C5AE21E1F944CC200E271FD /* NetworkRequestService.swift in Sources */,
				4C5AE21A1F91CE7C00E271FD /* ContactViewCell.swift in Sources */,
				3A317CD91F9FD35F00786C95 /* FavoriteContact+CoreDataClass.swift in Sources */,
				3A26C1E31F97D3BD005C88C9 /* KeyChainConfiguration.swift in Sources */,
				3A26C1E11F97D372005C88C9 /* KeychainPasswordItem.swift in Sources */,
				3A6891272017AD2B005C91EC /* ScreenGlobals.swift in Sources */,
				3A317CCB1F9F9FFD00786C95 /* UIViewController+UPenn.swift in Sources */,
			);
			runOnlyForDeploymentPostprocessing = 0;
		};
		84FFD8C71F8EC36300B28184 /* Sources */ = {
			isa = PBXSourcesBuildPhase;
			buildActionMask = 2147483647;
			files = (
				84FFD8D01F8EC36300B28184 /* Phone_BookTests.swift in Sources */,
			);
			runOnlyForDeploymentPostprocessing = 0;
		};
		84FFD8D21F8EC36300B28184 /* Sources */ = {
			isa = PBXSourcesBuildPhase;
			buildActionMask = 2147483647;
			files = (
				84FFD8DB1F8EC36300B28184 /* Phone_BookUITests.swift in Sources */,
			);
			runOnlyForDeploymentPostprocessing = 0;
		};
/* End PBXSourcesBuildPhase section */

/* Begin PBXTargetDependency section */
		84FFD8CD1F8EC36300B28184 /* PBXTargetDependency */ = {
			isa = PBXTargetDependency;
			target = 84FFD8B61F8EC36300B28184 /* Phone Book */;
			targetProxy = 84FFD8CC1F8EC36300B28184 /* PBXContainerItemProxy */;
		};
		84FFD8D81F8EC36300B28184 /* PBXTargetDependency */ = {
			isa = PBXTargetDependency;
			target = 84FFD8B61F8EC36300B28184 /* Phone Book */;
			targetProxy = 84FFD8D71F8EC36300B28184 /* PBXContainerItemProxy */;
		};
/* End PBXTargetDependency section */

/* Begin PBXVariantGroup section */
		84FFD8BE1F8EC36300B28184 /* Main.storyboard */ = {
			isa = PBXVariantGroup;
			children = (
				84FFD8BF1F8EC36300B28184 /* Base */,
			);
			name = Main.storyboard;
			sourceTree = "<group>";
		};
		84FFD8C31F8EC36300B28184 /* LaunchScreen.storyboard */ = {
			isa = PBXVariantGroup;
			children = (
				84FFD8C41F8EC36300B28184 /* Base */,
			);
			name = LaunchScreen.storyboard;
			sourceTree = "<group>";
		};
/* End PBXVariantGroup section */

/* Begin XCBuildConfiguration section */
		3A2749C820AB66BE00A46402 /* Beta */ = {
			isa = XCBuildConfiguration;
			buildSettings = {
				ALWAYS_SEARCH_USER_PATHS = NO;
				CLANG_ANALYZER_NONNULL = YES;
				CLANG_CXX_LANGUAGE_STANDARD = "gnu++0x";
				CLANG_CXX_LIBRARY = "libc++";
				CLANG_ENABLE_MODULES = YES;
				CLANG_ENABLE_OBJC_ARC = YES;
				CLANG_WARN_BOOL_CONVERSION = YES;
				CLANG_WARN_CONSTANT_CONVERSION = YES;
				CLANG_WARN_DIRECT_OBJC_ISA_USAGE = YES_ERROR;
				CLANG_WARN_DOCUMENTATION_COMMENTS = YES;
				CLANG_WARN_EMPTY_BODY = YES;
				CLANG_WARN_ENUM_CONVERSION = YES;
				CLANG_WARN_INFINITE_RECURSION = YES;
				CLANG_WARN_INT_CONVERSION = YES;
				CLANG_WARN_OBJC_ROOT_CLASS = YES_ERROR;
				CLANG_WARN_SUSPICIOUS_MOVE = YES;
				CLANG_WARN_UNREACHABLE_CODE = YES;
				CLANG_WARN__DUPLICATE_METHOD_MATCH = YES;
				"CODE_SIGN_IDENTITY[sdk=iphoneos*]" = "iPhone Developer";
				COPY_PHASE_STRIP = NO;
				DEBUG_INFORMATION_FORMAT = "dwarf-with-dsym";
				ENABLE_NS_ASSERTIONS = NO;
				ENABLE_STRICT_OBJC_MSGSEND = YES;
				GCC_C_LANGUAGE_STANDARD = gnu99;
				GCC_NO_COMMON_BLOCKS = YES;
				GCC_WARN_64_TO_32_BIT_CONVERSION = YES;
				GCC_WARN_ABOUT_RETURN_TYPE = YES_ERROR;
				GCC_WARN_UNDECLARED_SELECTOR = YES;
				GCC_WARN_UNINITIALIZED_AUTOS = YES_AGGRESSIVE;
				GCC_WARN_UNUSED_FUNCTION = YES;
				GCC_WARN_UNUSED_VARIABLE = YES;
				IPHONEOS_DEPLOYMENT_TARGET = 10.2;
				MTL_ENABLE_DEBUG_INFO = NO;
				SDKROOT = iphoneos;
				SWIFT_OPTIMIZATION_LEVEL = "-Owholemodule";
				TARGETED_DEVICE_FAMILY = "1,2";
				VALIDATE_PRODUCT = YES;
			};
			name = Beta;
		};
		3A2749C920AB66BE00A46402 /* Beta */ = {
			isa = XCBuildConfiguration;
			baseConfigurationReference = BBCE14587513CC90D4AFCB6E /* Pods-Phone Book.beta.xcconfig */;
			buildSettings = {
				ASSETCATALOG_COMPILER_APPICON_NAME = AppIcon.beta;
				BUNDLE_DISPLAY_NAME = PhonebookBETA;
				CODE_SIGN_IDENTITY = "iPhone Distribution: TRUSTEES OF THE UNIVERSITY OF PENNSYLVANIA";
				"CODE_SIGN_IDENTITY[sdk=iphoneos*]" = "iPhone Distribution: TRUSTEES OF THE UNIVERSITY OF PENNSYLVANIA";
				CODE_SIGN_STYLE = Manual;
				DEVELOPMENT_TEAM = QT5VQXC56T;
				INFOPLIST_FILE = "Phone Book/Info.plist";
				IPHONEOS_DEPLOYMENT_TARGET = 11.0;
				LD_RUNPATH_SEARCH_PATHS = "$(inherited) @executable_path/Frameworks";
				OTHER_SWIFT_FLAGS = "$(inherited) \"-D\" \"COCOAPODS\" -DBETA";
				PRODUCT_BUNDLE_IDENTIFIER = "com.uphs.upenn.Phone-Book.beta";
				PRODUCT_NAME = " Phonebook Beta";
				PROVISIONING_PROFILE = "107238c9-bce6-489d-ae09-d0c1560f5611";
				PROVISIONING_PROFILE_SPECIFIER = "UPHS Phonebook BETA";
				SWIFT_VERSION = 3.0;
			};
			name = Beta;
		};
		3A2749CA20AB66BE00A46402 /* Beta */ = {
			isa = XCBuildConfiguration;
			baseConfigurationReference = E40FA0394B54BCDD39B25A40 /* Pods-Phone BookTests.beta.xcconfig */;
			buildSettings = {
				ALWAYS_EMBED_SWIFT_STANDARD_LIBRARIES = YES;
				BUNDLE_LOADER = "$(TEST_HOST)";
				DEVELOPMENT_TEAM = QT5VQXC56T;
				INFOPLIST_FILE = "Phone BookTests/Info.plist";
				LD_RUNPATH_SEARCH_PATHS = "$(inherited) @executable_path/Frameworks @loader_path/Frameworks";
				PRODUCT_BUNDLE_IDENTIFIER = "com.uphs.upenn.Phone-BookTests";
				PRODUCT_NAME = "$(TARGET_NAME)";
				SWIFT_VERSION = 3.0;
				TEST_HOST = "$(BUILT_PRODUCTS_DIR)/Phone Book.app/Phone Book";
			};
			name = Beta;
		};
		3A2749CB20AB66BE00A46402 /* Beta */ = {
			isa = XCBuildConfiguration;
			baseConfigurationReference = 3054959A2E40D0BD87EB4720 /* Pods-Phone BookUITests.beta.xcconfig */;
			buildSettings = {
				ALWAYS_EMBED_SWIFT_STANDARD_LIBRARIES = YES;
				DEVELOPMENT_TEAM = QT5VQXC56T;
				INFOPLIST_FILE = "Phone BookUITests/Info.plist";
				LD_RUNPATH_SEARCH_PATHS = "$(inherited) @executable_path/Frameworks @loader_path/Frameworks";
				PRODUCT_BUNDLE_IDENTIFIER = "com.uphs.upenn.Phone-BookUITests";
				PRODUCT_NAME = "$(TARGET_NAME)";
				SWIFT_VERSION = 3.0;
				TEST_TARGET_NAME = "Phone Book";
			};
			name = Beta;
		};
		84FFD8DD1F8EC36300B28184 /* Debug */ = {
			isa = XCBuildConfiguration;
			buildSettings = {
				ALWAYS_SEARCH_USER_PATHS = NO;
				CLANG_ANALYZER_NONNULL = YES;
				CLANG_CXX_LANGUAGE_STANDARD = "gnu++0x";
				CLANG_CXX_LIBRARY = "libc++";
				CLANG_ENABLE_MODULES = YES;
				CLANG_ENABLE_OBJC_ARC = YES;
				CLANG_WARN_BOOL_CONVERSION = YES;
				CLANG_WARN_CONSTANT_CONVERSION = YES;
				CLANG_WARN_DIRECT_OBJC_ISA_USAGE = YES_ERROR;
				CLANG_WARN_DOCUMENTATION_COMMENTS = YES;
				CLANG_WARN_EMPTY_BODY = YES;
				CLANG_WARN_ENUM_CONVERSION = YES;
				CLANG_WARN_INFINITE_RECURSION = YES;
				CLANG_WARN_INT_CONVERSION = YES;
				CLANG_WARN_OBJC_ROOT_CLASS = YES_ERROR;
				CLANG_WARN_SUSPICIOUS_MOVE = YES;
				CLANG_WARN_UNREACHABLE_CODE = YES;
				CLANG_WARN__DUPLICATE_METHOD_MATCH = YES;
				"CODE_SIGN_IDENTITY[sdk=iphoneos*]" = "iPhone Developer";
				COPY_PHASE_STRIP = NO;
				DEBUG_INFORMATION_FORMAT = dwarf;
				ENABLE_STRICT_OBJC_MSGSEND = YES;
				ENABLE_TESTABILITY = YES;
				GCC_C_LANGUAGE_STANDARD = gnu99;
				GCC_DYNAMIC_NO_PIC = NO;
				GCC_NO_COMMON_BLOCKS = YES;
				GCC_OPTIMIZATION_LEVEL = 0;
				GCC_PREPROCESSOR_DEFINITIONS = (
					"DEBUG=1",
					"$(inherited)",
				);
				GCC_WARN_64_TO_32_BIT_CONVERSION = YES;
				GCC_WARN_ABOUT_RETURN_TYPE = YES_ERROR;
				GCC_WARN_UNDECLARED_SELECTOR = YES;
				GCC_WARN_UNINITIALIZED_AUTOS = YES_AGGRESSIVE;
				GCC_WARN_UNUSED_FUNCTION = YES;
				GCC_WARN_UNUSED_VARIABLE = YES;
				IPHONEOS_DEPLOYMENT_TARGET = 10.2;
				MTL_ENABLE_DEBUG_INFO = YES;
				ONLY_ACTIVE_ARCH = YES;
				SDKROOT = iphoneos;
				SWIFT_ACTIVE_COMPILATION_CONDITIONS = DEBUG;
				SWIFT_OPTIMIZATION_LEVEL = "-Onone";
				TARGETED_DEVICE_FAMILY = "1,2";
			};
			name = Debug;
		};
		84FFD8DE1F8EC36300B28184 /* Release */ = {
			isa = XCBuildConfiguration;
			buildSettings = {
				ALWAYS_SEARCH_USER_PATHS = NO;
				CLANG_ANALYZER_NONNULL = YES;
				CLANG_CXX_LANGUAGE_STANDARD = "gnu++0x";
				CLANG_CXX_LIBRARY = "libc++";
				CLANG_ENABLE_MODULES = YES;
				CLANG_ENABLE_OBJC_ARC = YES;
				CLANG_WARN_BOOL_CONVERSION = YES;
				CLANG_WARN_CONSTANT_CONVERSION = YES;
				CLANG_WARN_DIRECT_OBJC_ISA_USAGE = YES_ERROR;
				CLANG_WARN_DOCUMENTATION_COMMENTS = YES;
				CLANG_WARN_EMPTY_BODY = YES;
				CLANG_WARN_ENUM_CONVERSION = YES;
				CLANG_WARN_INFINITE_RECURSION = YES;
				CLANG_WARN_INT_CONVERSION = YES;
				CLANG_WARN_OBJC_ROOT_CLASS = YES_ERROR;
				CLANG_WARN_SUSPICIOUS_MOVE = YES;
				CLANG_WARN_UNREACHABLE_CODE = YES;
				CLANG_WARN__DUPLICATE_METHOD_MATCH = YES;
				"CODE_SIGN_IDENTITY[sdk=iphoneos*]" = "iPhone Developer";
				COPY_PHASE_STRIP = NO;
				DEBUG_INFORMATION_FORMAT = "dwarf-with-dsym";
				ENABLE_NS_ASSERTIONS = NO;
				ENABLE_STRICT_OBJC_MSGSEND = YES;
				GCC_C_LANGUAGE_STANDARD = gnu99;
				GCC_NO_COMMON_BLOCKS = YES;
				GCC_WARN_64_TO_32_BIT_CONVERSION = YES;
				GCC_WARN_ABOUT_RETURN_TYPE = YES_ERROR;
				GCC_WARN_UNDECLARED_SELECTOR = YES;
				GCC_WARN_UNINITIALIZED_AUTOS = YES_AGGRESSIVE;
				GCC_WARN_UNUSED_FUNCTION = YES;
				GCC_WARN_UNUSED_VARIABLE = YES;
				IPHONEOS_DEPLOYMENT_TARGET = 10.2;
				MTL_ENABLE_DEBUG_INFO = NO;
				SDKROOT = iphoneos;
				SWIFT_OPTIMIZATION_LEVEL = "-Owholemodule";
				TARGETED_DEVICE_FAMILY = "1,2";
				VALIDATE_PRODUCT = YES;
			};
			name = Release;
		};
		84FFD8E01F8EC36300B28184 /* Debug */ = {
			isa = XCBuildConfiguration;
			baseConfigurationReference = 91DD873DD9D5887C4C5E6261 /* Pods-Phone Book.debug.xcconfig */;
			buildSettings = {
				ASSETCATALOG_COMPILER_APPICON_NAME = AppIcon;
				BUNDLE_DISPLAY_NAME = "UPHS Phonebook";
				CODE_SIGN_IDENTITY = "iPhone Developer: Rashad Abdul-Salaam (3JGG52KS64)";
				"CODE_SIGN_IDENTITY[sdk=iphoneos*]" = "iPhone Developer: Rashad Abdul-Salaam (3JGG52KS64)";
				CODE_SIGN_STYLE = Manual;
				DEVELOPMENT_TEAM = QT5VQXC56T;
				INFOPLIST_FILE = "Phone Book/Info.plist";
				IPHONEOS_DEPLOYMENT_TARGET = 11.0;
				LD_RUNPATH_SEARCH_PATHS = "$(inherited) @executable_path/Frameworks";
				OTHER_SWIFT_FLAGS = "$(inherited) \"-D\" \"COCOAPODS\"";
				PRODUCT_BUNDLE_IDENTIFIER = "com.uphs.upenn.Phone-Book";
				PRODUCT_NAME = "UPHS Phonebook";
				PROVISIONING_PROFILE = "71e7780e-d058-4d4e-863d-a592407029cb";
				PROVISIONING_PROFILE_SPECIFIER = "UPHS Phonebook Development";
				SWIFT_VERSION = 3.0;
			};
			name = Debug;
		};
		84FFD8E11F8EC36300B28184 /* Release */ = {
			isa = XCBuildConfiguration;
			baseConfigurationReference = FA2117213B984C30A47F88AD /* Pods-Phone Book.release.xcconfig */;
			buildSettings = {
				ASSETCATALOG_COMPILER_APPICON_NAME = AppIcon;
				BUNDLE_DISPLAY_NAME = "UPHS Phonebook";
				CODE_SIGN_IDENTITY = "iPhone Distribution: TRUSTEES OF THE UNIVERSITY OF PENNSYLVANIA";
				"CODE_SIGN_IDENTITY[sdk=iphoneos*]" = "iPhone Distribution: TRUSTEES OF THE UNIVERSITY OF PENNSYLVANIA";
				CODE_SIGN_STYLE = Manual;
				DEVELOPMENT_TEAM = QT5VQXC56T;
				INFOPLIST_FILE = "Phone Book/Info.plist";
				IPHONEOS_DEPLOYMENT_TARGET = 11.0;
				LD_RUNPATH_SEARCH_PATHS = "$(inherited) @executable_path/Frameworks";
				OTHER_SWIFT_FLAGS = "$(inherited) \"-D\" \"COCOAPODS\"";
				PRODUCT_BUNDLE_IDENTIFIER = "com.uphs.upenn.Phone-Book";
				PRODUCT_NAME = "UPHS Phonebook";
				PROVISIONING_PROFILE = "b353785d-62fd-4395-a3a9-6798c2e10bf8";
				PROVISIONING_PROFILE_SPECIFIER = "UPHS Phonebook";
				SWIFT_VERSION = 3.0;
			};
			name = Release;
		};
		84FFD8E31F8EC36300B28184 /* Debug */ = {
			isa = XCBuildConfiguration;
			baseConfigurationReference = 1E816519D24726D1F49D3D6B /* Pods-Phone BookTests.debug.xcconfig */;
			buildSettings = {
				ALWAYS_EMBED_SWIFT_STANDARD_LIBRARIES = YES;
				BUNDLE_LOADER = "$(TEST_HOST)";
				DEVELOPMENT_TEAM = QT5VQXC56T;
				INFOPLIST_FILE = "Phone BookTests/Info.plist";
				LD_RUNPATH_SEARCH_PATHS = "$(inherited) @executable_path/Frameworks @loader_path/Frameworks";
				PRODUCT_BUNDLE_IDENTIFIER = "com.uphs.upenn.Phone-BookTests";
				PRODUCT_NAME = "$(TARGET_NAME)";
				SWIFT_VERSION = 3.0;
				TEST_HOST = "$(BUILT_PRODUCTS_DIR)/Phone Book.app/Phone Book";
			};
			name = Debug;
		};
		84FFD8E41F8EC36300B28184 /* Release */ = {
			isa = XCBuildConfiguration;
			baseConfigurationReference = 261E2B60929BD1D5295DDDC6 /* Pods-Phone BookTests.release.xcconfig */;
			buildSettings = {
				ALWAYS_EMBED_SWIFT_STANDARD_LIBRARIES = YES;
				BUNDLE_LOADER = "$(TEST_HOST)";
				DEVELOPMENT_TEAM = QT5VQXC56T;
				INFOPLIST_FILE = "Phone BookTests/Info.plist";
				LD_RUNPATH_SEARCH_PATHS = "$(inherited) @executable_path/Frameworks @loader_path/Frameworks";
				PRODUCT_BUNDLE_IDENTIFIER = "com.uphs.upenn.Phone-BookTests";
				PRODUCT_NAME = "$(TARGET_NAME)";
				SWIFT_VERSION = 3.0;
				TEST_HOST = "$(BUILT_PRODUCTS_DIR)/Phone Book.app/Phone Book";
			};
			name = Release;
		};
		84FFD8E61F8EC36300B28184 /* Debug */ = {
			isa = XCBuildConfiguration;
			baseConfigurationReference = 7B3135E24CBF2773B7448A81 /* Pods-Phone BookUITests.debug.xcconfig */;
			buildSettings = {
				ALWAYS_EMBED_SWIFT_STANDARD_LIBRARIES = YES;
				DEVELOPMENT_TEAM = QT5VQXC56T;
				INFOPLIST_FILE = "Phone BookUITests/Info.plist";
				LD_RUNPATH_SEARCH_PATHS = "$(inherited) @executable_path/Frameworks @loader_path/Frameworks";
				PRODUCT_BUNDLE_IDENTIFIER = "com.uphs.upenn.Phone-BookUITests";
				PRODUCT_NAME = "$(TARGET_NAME)";
				SWIFT_VERSION = 3.0;
				TEST_TARGET_NAME = "Phone Book";
			};
			name = Debug;
		};
		84FFD8E71F8EC36300B28184 /* Release */ = {
			isa = XCBuildConfiguration;
			baseConfigurationReference = 763E5419ABFD3E63111EE66F /* Pods-Phone BookUITests.release.xcconfig */;
			buildSettings = {
				ALWAYS_EMBED_SWIFT_STANDARD_LIBRARIES = YES;
				DEVELOPMENT_TEAM = QT5VQXC56T;
				INFOPLIST_FILE = "Phone BookUITests/Info.plist";
				LD_RUNPATH_SEARCH_PATHS = "$(inherited) @executable_path/Frameworks @loader_path/Frameworks";
				PRODUCT_BUNDLE_IDENTIFIER = "com.uphs.upenn.Phone-BookUITests";
				PRODUCT_NAME = "$(TARGET_NAME)";
				SWIFT_VERSION = 3.0;
				TEST_TARGET_NAME = "Phone Book";
			};
			name = Release;
		};
/* End XCBuildConfiguration section */

/* Begin XCConfigurationList section */
		84FFD8B21F8EC36300B28184 /* Build configuration list for PBXProject "Phone Book" */ = {
			isa = XCConfigurationList;
			buildConfigurations = (
				84FFD8DD1F8EC36300B28184 /* Debug */,
				84FFD8DE1F8EC36300B28184 /* Release */,
				3A2749C820AB66BE00A46402 /* Beta */,
			);
			defaultConfigurationIsVisible = 0;
			defaultConfigurationName = Release;
		};
		84FFD8DF1F8EC36300B28184 /* Build configuration list for PBXNativeTarget "Phone Book" */ = {
			isa = XCConfigurationList;
			buildConfigurations = (
				84FFD8E01F8EC36300B28184 /* Debug */,
				84FFD8E11F8EC36300B28184 /* Release */,
				3A2749C920AB66BE00A46402 /* Beta */,
			);
			defaultConfigurationIsVisible = 0;
			defaultConfigurationName = Release;
		};
		84FFD8E21F8EC36300B28184 /* Build configuration list for PBXNativeTarget "Phone BookTests" */ = {
			isa = XCConfigurationList;
			buildConfigurations = (
				84FFD8E31F8EC36300B28184 /* Debug */,
				84FFD8E41F8EC36300B28184 /* Release */,
				3A2749CA20AB66BE00A46402 /* Beta */,
			);
			defaultConfigurationIsVisible = 0;
			defaultConfigurationName = Release;
		};
		84FFD8E51F8EC36300B28184 /* Build configuration list for PBXNativeTarget "Phone BookUITests" */ = {
			isa = XCConfigurationList;
			buildConfigurations = (
				84FFD8E61F8EC36300B28184 /* Debug */,
				84FFD8E71F8EC36300B28184 /* Release */,
				3A2749CB20AB66BE00A46402 /* Beta */,
			);
			defaultConfigurationIsVisible = 0;
			defaultConfigurationName = Release;
		};
/* End XCConfigurationList section */

/* Begin XCVersionGroup section */
		3A317CD31F9FD2E800786C95 /* FavoriteContact.xcdatamodeld */ = {
			isa = XCVersionGroup;
			children = (
				3A317CD41F9FD2E800786C95 /* FavoriteContact.xcdatamodel */,
			);
			currentVersion = 3A317CD41F9FD2E800786C95 /* FavoriteContact.xcdatamodel */;
			path = FavoriteContact.xcdatamodeld;
			sourceTree = "<group>";
			versionGroupType = wrapper.xcdatamodel;
		};
/* End XCVersionGroup section */
	};
	rootObject = 84FFD8AF1F8EC36300B28184 /* Project object */;
}
